// !$*UTF8*$!
{
	archiveVersion = 1;
	classes = {
	};
	objectVersion = 46;
	objects = {

/* Begin PBXBuildFile section */
		6A1B9A5A1CD24AFC001ED81E /* AppDelegate.swift in Sources */ = {isa = PBXBuildFile; fileRef = 6A1B9A591CD24AFC001ED81E /* AppDelegate.swift */; };
		6A1B9A5C1CD24AFC001ED81E /* ViewController.swift in Sources */ = {isa = PBXBuildFile; fileRef = 6A1B9A5B1CD24AFC001ED81E /* ViewController.swift */; };
		6A1B9A5F1CD24AFC001ED81E /* Main.storyboard in Resources */ = {isa = PBXBuildFile; fileRef = 6A1B9A5D1CD24AFC001ED81E /* Main.storyboard */; };
		6A1B9A611CD24AFC001ED81E /* Assets.xcassets in Resources */ = {isa = PBXBuildFile; fileRef = 6A1B9A601CD24AFC001ED81E /* Assets.xcassets */; };
		6A1B9A6C1CD24BA0001ED81E /* Beacon.swift in Sources */ = {isa = PBXBuildFile; fileRef = 6A1B9A6B1CD24BA0001ED81E /* Beacon.swift */; };
		6A1B9A6E1CD24D0A001ED81E /* Adventure.swift in Sources */ = {isa = PBXBuildFile; fileRef = 6A1B9A6D1CD24D0A001ED81E /* Adventure.swift */; };
		A084536C1D4EA3690015DDAA /* SwiftyJSON.framework in Frameworks */ = {isa = PBXBuildFile; fileRef = A084536B1D4EA3690015DDAA /* SwiftyJSON.framework */; };
		A08453701D4EB4A80015DDAA /* Item.swift in Sources */ = {isa = PBXBuildFile; fileRef = A084536F1D4EB4A80015DDAA /* Item.swift */; };
		A08453731D4EBC230015DDAA /* Cache.xcdatamodeld in Sources */ = {isa = PBXBuildFile; fileRef = A08453711D4EBC230015DDAA /* Cache.xcdatamodeld */; };
		A08453751D4EBC590015DDAA /* CoreDataController.swift in Sources */ = {isa = PBXBuildFile; fileRef = A08453741D4EBC590015DDAA /* CoreDataController.swift */; };
		A0B5C8A11D3D8DE1005C473A /* NetworkService.swift in Sources */ = {isa = PBXBuildFile; fileRef = A0B5C8A01D3D8DE1005C473A /* NetworkService.swift */; };
		A0B5C8A41D3D8E69005C473A /* README.md in Sources */ = {isa = PBXBuildFile; fileRef = A0B5C8A31D3D8E69005C473A /* README.md */; };
		A0B5C8A61D3D8EC1005C473A /* Alamofire.framework in Frameworks */ = {isa = PBXBuildFile; fileRef = A0B5C8A51D3D8EC1005C473A /* Alamofire.framework */; };
		A0B5C8AA1D3D930F005C473A /* Profile.swift in Sources */ = {isa = PBXBuildFile; fileRef = A0B5C8A91D3D930F005C473A /* Profile.swift */; };
/* End PBXBuildFile section */

/* Begin PBXFileReference section */
		6A1B9A561CD24AFC001ED81E /* TreasureHunt.app */ = {isa = PBXFileReference; explicitFileType = wrapper.application; includeInIndex = 0; path = TreasureHunt.app; sourceTree = BUILT_PRODUCTS_DIR; };
		6A1B9A591CD24AFC001ED81E /* AppDelegate.swift */ = {isa = PBXFileReference; lastKnownFileType = sourcecode.swift; path = AppDelegate.swift; sourceTree = "<group>"; };
		6A1B9A5B1CD24AFC001ED81E /* ViewController.swift */ = {isa = PBXFileReference; lastKnownFileType = sourcecode.swift; path = ViewController.swift; sourceTree = "<group>"; };
		6A1B9A5E1CD24AFC001ED81E /* Base */ = {isa = PBXFileReference; lastKnownFileType = file.storyboard; name = Base; path = Base.lproj/Main.storyboard; sourceTree = "<group>"; };
		6A1B9A601CD24AFC001ED81E /* Assets.xcassets */ = {isa = PBXFileReference; lastKnownFileType = folder.assetcatalog; path = Assets.xcassets; sourceTree = "<group>"; };
		6A1B9A651CD24AFC001ED81E /* Info.plist */ = {isa = PBXFileReference; lastKnownFileType = text.plist.xml; path = Info.plist; sourceTree = "<group>"; };
		6A1B9A6B1CD24BA0001ED81E /* Beacon.swift */ = {isa = PBXFileReference; fileEncoding = 4; lastKnownFileType = sourcecode.swift; path = Beacon.swift; sourceTree = "<group>"; };
		6A1B9A6D1CD24D0A001ED81E /* Adventure.swift */ = {isa = PBXFileReference; fileEncoding = 4; lastKnownFileType = sourcecode.swift; path = Adventure.swift; sourceTree = "<group>"; };
		A084536B1D4EA3690015DDAA /* SwiftyJSON.framework */ = {isa = PBXFileReference; lastKnownFileType = wrapper.framework; name = SwiftyJSON.framework; path = Carthage/Build/iOS/SwiftyJSON.framework; sourceTree = "<group>"; };
		A084536F1D4EB4A80015DDAA /* Item.swift */ = {isa = PBXFileReference; fileEncoding = 4; lastKnownFileType = sourcecode.swift; path = Item.swift; sourceTree = "<group>"; };
		A08453721D4EBC230015DDAA /* Cache.xcdatamodel */ = {isa = PBXFileReference; lastKnownFileType = wrapper.xcdatamodel; path = Cache.xcdatamodel; sourceTree = "<group>"; };
		A08453741D4EBC590015DDAA /* CoreDataController.swift */ = {isa = PBXFileReference; fileEncoding = 4; lastKnownFileType = sourcecode.swift; path = CoreDataController.swift; sourceTree = "<group>"; };
		A0B5C8A01D3D8DE1005C473A /* NetworkService.swift */ = {isa = PBXFileReference; fileEncoding = 4; lastKnownFileType = sourcecode.swift; path = NetworkService.swift; sourceTree = "<group>"; };
		A0B5C8A31D3D8E69005C473A /* README.md */ = {isa = PBXFileReference; fileEncoding = 4; lastKnownFileType = net.daringfireball.markdown; path = README.md; sourceTree = "<group>"; };
		A0B5C8A51D3D8EC1005C473A /* Alamofire.framework */ = {isa = PBXFileReference; lastKnownFileType = wrapper.framework; name = Alamofire.framework; path = Carthage/Build/iOS/Alamofire.framework; sourceTree = "<group>"; };
		A0B5C8A91D3D930F005C473A /* Profile.swift */ = {isa = PBXFileReference; fileEncoding = 4; lastKnownFileType = sourcecode.swift; path = Profile.swift; sourceTree = "<group>"; };
/* End PBXFileReference section */

/* Begin PBXFrameworksBuildPhase section */
		6A1B9A531CD24AFC001ED81E /* Frameworks */ = {
			isa = PBXFrameworksBuildPhase;
			buildActionMask = 2147483647;
			files = (
				A084536C1D4EA3690015DDAA /* SwiftyJSON.framework in Frameworks */,
				A0B5C8A61D3D8EC1005C473A /* Alamofire.framework in Frameworks */,
			);
			runOnlyForDeploymentPostprocessing = 0;
		};
/* End PBXFrameworksBuildPhase section */

/* Begin PBXGroup section */
		6A1B9A4D1CD24AFC001ED81E = {
			isa = PBXGroup;
			children = (
				A0B5C8A31D3D8E69005C473A /* README.md */,
				6A1B9A581CD24AFC001ED81E /* TreasureHunt */,
				6A1B9A571CD24AFC001ED81E /* Products */,
				A084536B1D4EA3690015DDAA /* SwiftyJSON.framework */,
				A0B5C8A51D3D8EC1005C473A /* Alamofire.framework */,
			);
			sourceTree = "<group>";
		};
		6A1B9A571CD24AFC001ED81E /* Products */ = {
			isa = PBXGroup;
			children = (
				6A1B9A561CD24AFC001ED81E /* TreasureHunt.app */,
			);
			name = Products;
			sourceTree = "<group>";
		};
		6A1B9A581CD24AFC001ED81E /* TreasureHunt */ = {
			isa = PBXGroup;
			children = (
				6A1B9A601CD24AFC001ED81E /* Assets.xcassets */,
				6A1B9A591CD24AFC001ED81E /* AppDelegate.swift */,
				A08453711D4EBC230015DDAA /* Cache.xcdatamodeld */,
				6A1B9A651CD24AFC001ED81E /* Info.plist */,
				A0B5C8A21D3D8E03005C473A /* View */,
				A0B5C89F1D3D8DC7005C473A /* Controllers */,
				A0B5C89E1D3D8DBD005C473A /* Services */,
				A0B5C89D1D3D8D73005C473A /* Models */,
			);
			path = TreasureHunt;
			sourceTree = "<group>";
		};
		A0B5C89D1D3D8D73005C473A /* Models */ = {
			isa = PBXGroup;
			children = (
				6A1B9A6D1CD24D0A001ED81E /* Adventure.swift */,
				6A1B9A6B1CD24BA0001ED81E /* Beacon.swift */,
				A0B5C8A91D3D930F005C473A /* Profile.swift */,
				A084536F1D4EB4A80015DDAA /* Item.swift */,
			);
			name = Models;
			sourceTree = "<group>";
		};
		A0B5C89E1D3D8DBD005C473A /* Services */ = {
			isa = PBXGroup;
			children = (
				A0B5C8A01D3D8DE1005C473A /* NetworkService.swift */,
			);
			name = Services;
			sourceTree = "<group>";
		};
		A0B5C89F1D3D8DC7005C473A /* Controllers */ = {
			isa = PBXGroup;
			children = (
				6A1B9A5B1CD24AFC001ED81E /* ViewController.swift */,
				A08453741D4EBC590015DDAA /* CoreDataController.swift */,
			);
			name = Controllers;
			sourceTree = "<group>";
		};
		A0B5C8A21D3D8E03005C473A /* View */ = {
			isa = PBXGroup;
			children = (
				6A1B9A5D1CD24AFC001ED81E /* Main.storyboard */,
			);
			name = View;
			sourceTree = "<group>";
		};
/* End PBXGroup section */

/* Begin PBXNativeTarget section */
		6A1B9A551CD24AFC001ED81E /* TreasureHunt */ = {
			isa = PBXNativeTarget;
			buildConfigurationList = 6A1B9A681CD24AFC001ED81E /* Build configuration list for PBXNativeTarget "TreasureHunt" */;
			buildPhases = (
				6A1B9A521CD24AFC001ED81E /* Sources */,
				6A1B9A531CD24AFC001ED81E /* Frameworks */,
				6A1B9A541CD24AFC001ED81E /* Resources */,
			);
			buildRules = (
			);
			dependencies = (
			);
			name = TreasureHunt;
			productName = TreasureHunt;
			productReference = 6A1B9A561CD24AFC001ED81E /* TreasureHunt.app */;
			productType = "com.apple.product-type.application";
		};
/* End PBXNativeTarget section */

/* Begin PBXProject section */
		6A1B9A4E1CD24AFC001ED81E /* Project object */ = {
			isa = PBXProject;
			attributes = {
				LastSwiftUpdateCheck = 0730;
				LastUpgradeCheck = 0730;
				ORGANIZATIONNAME = iosdev;
				TargetAttributes = {
					6A1B9A551CD24AFC001ED81E = {
						CreatedOnToolsVersion = 7.3;
						DevelopmentTeam = RXQL9AVDF8;
					};
				};
			};
			buildConfigurationList = 6A1B9A511CD24AFC001ED81E /* Build configuration list for PBXProject "TreasureHunt" */;
			compatibilityVersion = "Xcode 3.2";
			developmentRegion = English;
			hasScannedForEncodings = 0;
			knownRegions = (
				en,
				Base,
			);
			mainGroup = 6A1B9A4D1CD24AFC001ED81E;
			productRefGroup = 6A1B9A571CD24AFC001ED81E /* Products */;
			projectDirPath = "";
			projectRoot = "";
			targets = (
				6A1B9A551CD24AFC001ED81E /* TreasureHunt */,
			);
		};
/* End PBXProject section */

/* Begin PBXResourcesBuildPhase section */
		6A1B9A541CD24AFC001ED81E /* Resources */ = {
			isa = PBXResourcesBuildPhase;
			buildActionMask = 2147483647;
			files = (
				6A1B9A611CD24AFC001ED81E /* Assets.xcassets in Resources */,
				6A1B9A5F1CD24AFC001ED81E /* Main.storyboard in Resources */,
			);
			runOnlyForDeploymentPostprocessing = 0;
		};
/* End PBXResourcesBuildPhase section */

/* Begin PBXSourcesBuildPhase section */
		6A1B9A521CD24AFC001ED81E /* Sources */ = {
			isa = PBXSourcesBuildPhase;
			buildActionMask = 2147483647;
			files = (
				A0B5C8A41D3D8E69005C473A /* README.md in Sources */,
				A0B5C8A11D3D8DE1005C473A /* NetworkService.swift in Sources */,
				A08453751D4EBC590015DDAA /* CoreDataController.swift in Sources */,
				6A1B9A6E1CD24D0A001ED81E /* Adventure.swift in Sources */,
				A0B5C8AA1D3D930F005C473A /* Profile.swift in Sources */,
				A08453701D4EB4A80015DDAA /* Item.swift in Sources */,
				6A1B9A5C1CD24AFC001ED81E /* ViewController.swift in Sources */,
				6A1B9A5A1CD24AFC001ED81E /* AppDelegate.swift in Sources */,
				6A1B9A6C1CD24BA0001ED81E /* Beacon.swift in Sources */,
				A08453731D4EBC230015DDAA /* Cache.xcdatamodeld in Sources */,
			);
			runOnlyForDeploymentPostprocessing = 0;
		};
/* End PBXSourcesBuildPhase section */

/* Begin PBXVariantGroup section */
		6A1B9A5D1CD24AFC001ED81E /* Main.storyboard */ = {
			isa = PBXVariantGroup;
			children = (
				6A1B9A5E1CD24AFC001ED81E /* Base */,
			);
			name = Main.storyboard;
			sourceTree = "<group>";
		};
/* End PBXVariantGroup section */

/* Begin XCBuildConfiguration section */
		6A1B9A661CD24AFC001ED81E /* Debug */ = {
			isa = XCBuildConfiguration;
			buildSettings = {
				ALWAYS_SEARCH_USER_PATHS = NO;
				CLANG_ANALYZER_NONNULL = YES;
				CLANG_CXX_LANGUAGE_STANDARD = "gnu++0x";
				CLANG_CXX_LIBRARY = "libc++";
				CLANG_ENABLE_MODULES = YES;
				CLANG_ENABLE_OBJC_ARC = YES;
				CLANG_WARN_BOOL_CONVERSION = YES;
				CLANG_WARN_CONSTANT_CONVERSION = YES;
				CLANG_WARN_DIRECT_OBJC_ISA_USAGE = YES_ERROR;
				CLANG_WARN_EMPTY_BODY = YES;
				CLANG_WARN_ENUM_CONVERSION = YES;
				CLANG_WARN_INT_CONVERSION = YES;
				CLANG_WARN_OBJC_ROOT_CLASS = YES_ERROR;
				CLANG_WARN_UNREACHABLE_CODE = YES;
				CLANG_WARN__DUPLICATE_METHOD_MATCH = YES;
				"CODE_SIGN_IDENTITY[sdk=iphoneos*]" = "iPhone Developer";
				COPY_PHASE_STRIP = NO;
				DEBUG_INFORMATION_FORMAT = dwarf;
				ENABLE_STRICT_OBJC_MSGSEND = YES;
				ENABLE_TESTABILITY = YES;
				GCC_C_LANGUAGE_STANDARD = gnu99;
				GCC_DYNAMIC_NO_PIC = NO;
				GCC_NO_COMMON_BLOCKS = YES;
				GCC_OPTIMIZATION_LEVEL = 0;
				GCC_PREPROCESSOR_DEFINITIONS = (
					"DEBUG=1",
					"$(inherited)",
				);
				GCC_WARN_64_TO_32_BIT_CONVERSION = YES;
				GCC_WARN_ABOUT_RETURN_TYPE = YES_ERROR;
				GCC_WARN_UNDECLARED_SELECTOR = YES;
				GCC_WARN_UNINITIALIZED_AUTOS = YES_AGGRESSIVE;
				GCC_WARN_UNUSED_FUNCTION = YES;
				GCC_WARN_UNUSED_VARIABLE = YES;
				IPHONEOS_DEPLOYMENT_TARGET = 9.3;
				MTL_ENABLE_DEBUG_INFO = YES;
				ONLY_ACTIVE_ARCH = YES;
				SDKROOT = iphoneos;
				SWIFT_OPTIMIZATION_LEVEL = "-Onone";
				TARGETED_DEVICE_FAMILY = "1,2";
			};
			name = Debug;
		};
		6A1B9A671CD24AFC001ED81E /* Release */ = {
			isa = XCBuildConfiguration;
			buildSettings = {
				ALWAYS_SEARCH_USER_PATHS = NO;
				CLANG_ANALYZER_NONNULL = YES;
				CLANG_CXX_LANGUAGE_STANDARD = "gnu++0x";
				CLANG_CXX_LIBRARY = "libc++";
				CLANG_ENABLE_MODULES = YES;
				CLANG_ENABLE_OBJC_ARC = YES;
				CLANG_WARN_BOOL_CONVERSION = YES;
				CLANG_WARN_CONSTANT_CONVERSION = YES;
				CLANG_WARN_DIRECT_OBJC_ISA_USAGE = YES_ERROR;
				CLANG_WARN_EMPTY_BODY = YES;
				CLANG_WARN_ENUM_CONVERSION = YES;
				CLANG_WARN_INT_CONVERSION = YES;
				CLANG_WARN_OBJC_ROOT_CLASS = YES_ERROR;
				CLANG_WARN_UNREACHABLE_CODE = YES;
				CLANG_WARN__DUPLICATE_METHOD_MATCH = YES;
				"CODE_SIGN_IDENTITY[sdk=iphoneos*]" = "iPhone Developer";
				COPY_PHASE_STRIP = NO;
				DEBUG_INFORMATION_FORMAT = "dwarf-with-dsym";
				ENABLE_NS_ASSERTIONS = NO;
				ENABLE_STRICT_OBJC_MSGSEND = YES;
				GCC_C_LANGUAGE_STANDARD = gnu99;
				GCC_NO_COMMON_BLOCKS = YES;
				GCC_WARN_64_TO_32_BIT_CONVERSION = YES;
				GCC_WARN_ABOUT_RETURN_TYPE = YES_ERROR;
				GCC_WARN_UNDECLARED_SELECTOR = YES;
				GCC_WARN_UNINITIALIZED_AUTOS = YES_AGGRESSIVE;
				GCC_WARN_UNUSED_FUNCTION = YES;
				GCC_WARN_UNUSED_VARIABLE = YES;
				IPHONEOS_DEPLOYMENT_TARGET = 9.3;
				MTL_ENABLE_DEBUG_INFO = NO;
				SDKROOT = iphoneos;
				TARGETED_DEVICE_FAMILY = "1,2";
				VALIDATE_PRODUCT = YES;
			};
			name = Release;
		};
		6A1B9A691CD24AFC001ED81E /* Debug */ = {
			isa = XCBuildConfiguration;
			buildSettings = {
				ASSETCATALOG_COMPILER_APPICON_NAME = AppIcon;
				FRAMEWORK_SEARCH_PATHS = (
					"$(inherited)",
					"$(PROJECT_DIR)/Carthage/Build/iOS",
				);
				INFOPLIST_FILE = TreasureHunt/Info.plist;
				LD_RUNPATH_SEARCH_PATHS = "$(inherited) @executable_path/Frameworks";
				PRODUCT_BUNDLE_IDENTIFIER = com.example.TreasureHunt;
				PRODUCT_NAME = "$(TARGET_NAME)";
			};
			name = Debug;
		};
		6A1B9A6A1CD24AFC001ED81E /* Release */ = {
			isa = XCBuildConfiguration;
			buildSettings = {
				ASSETCATALOG_COMPILER_APPICON_NAME = AppIcon;
				FRAMEWORK_SEARCH_PATHS = (
					"$(inherited)",
					"$(PROJECT_DIR)/Carthage/Build/iOS",
				);
				INFOPLIST_FILE = TreasureHunt/Info.plist;
				LD_RUNPATH_SEARCH_PATHS = "$(inherited) @executable_path/Frameworks";
				PRODUCT_BUNDLE_IDENTIFIER = com.example.TreasureHunt;
				PRODUCT_NAME = "$(TARGET_NAME)";
			};
			name = Release;
		};
/* End XCBuildConfiguration section */

/* Begin XCConfigurationList section */
		6A1B9A511CD24AFC001ED81E /* Build configuration list for PBXProject "TreasureHunt" */ = {
			isa = XCConfigurationList;
			buildConfigurations = (
				6A1B9A661CD24AFC001ED81E /* Debug */,
				6A1B9A671CD24AFC001ED81E /* Release */,
			);
			defaultConfigurationIsVisible = 0;
			defaultConfigurationName = Release;
		};
		6A1B9A681CD24AFC001ED81E /* Build configuration list for PBXNativeTarget "TreasureHunt" */ = {
			isa = XCConfigurationList;
			buildConfigurations = (
				6A1B9A691CD24AFC001ED81E /* Debug */,
				6A1B9A6A1CD24AFC001ED81E /* Release */,
			);
			defaultConfigurationIsVisible = 0;
			defaultConfigurationName = Release;
		};
/* End XCConfigurationList section */

/* Begin XCVersionGroup section */
		A08453711D4EBC230015DDAA /* Cache.xcdatamodeld */ = {
			isa = XCVersionGroup;
			children = (
				A08453721D4EBC230015DDAA /* Cache.xcdatamodel */,
			);
			currentVersion = A08453721D4EBC230015DDAA /* Cache.xcdatamodel */;
			path = Cache.xcdatamodeld;
			sourceTree = "<group>";
			versionGroupType = wrapper.xcdatamodel;
		};
/* End XCVersionGroup section */
	};
	rootObject = 6A1B9A4E1CD24AFC001ED81E /* Project object */;
}
